
Microsoft Visual Studio Solution File, Format Version 12.00
# Visual Studio 15
VisualStudioVersion = 15.0.27703.2000
MinimumVisualStudioVersion = 10.0.40219.1
Project("{FAE04EC0-301F-11D3-BF4B-00C04F79EFBC}") = "Prog8170Assignment2", "Prog8170Assignment2\Prog8170Assignment2.csproj", "{13F5FCFA-CE5A-43FE-8FF7-35DFCAFB44DA}"
EndProject
Project("{FAE04EC0-301F-11D3-BF4B-00C04F79EFBC}") = "Prog8170Assignment2Test", "Prog8170Assignment2Test\Prog8170Assignment2Test.csproj", "{E667752E-4538-4BC2-AEB3-4319B4E7E83B}"
EndProject
Global
	GlobalSection(SolutionConfigurationPlatforms) = preSolution
		Debug|Any CPU = Debug|Any CPU
		Release|Any CPU = Release|Any CPU
	EndGlobalSection
	GlobalSection(ProjectConfigurationPlatforms) = postSolution
		{13F5FCFA-CE5A-43FE-8FF7-35DFCAFB44DA}.Debug|Any CPU.ActiveCfg = Debug|Any CPU
		{13F5FCFA-CE5A-43FE-8FF7-35DFCAFB44DA}.Debug|Any CPU.Build.0 = Debug|Any CPU
		{13F5FCFA-CE5A-43FE-8FF7-35DFCAFB44DA}.Release|Any CPU.ActiveCfg = Release|Any CPU
		{13F5FCFA-CE5A-43FE-8FF7-35DFCAFB44DA}.Release|Any CPU.Build.0 = Release|Any CPU
		{E667752E-4538-4BC2-AEB3-4319B4E7E83B}.Debug|Any CPU.ActiveCfg = Debug|Any CPU
		{E667752E-4538-4BC2-AEB3-4319B4E7E83B}.Debug|Any CPU.Build.0 = Debug|Any CPU
		{E667752E-4538-4BC2-AEB3-4319B4E7E83B}.Release|Any CPU.ActiveCfg = Release|Any CPU
		{E667752E-4538-4BC2-AEB3-4319B4E7E83B}.Release|Any CPU.Build.0 = Release|Any CPU
	EndGlobalSection
	GlobalSection(SolutionProperties) = preSolution
		HideSolutionNode = FALSE
	EndGlobalSection
	GlobalSection(ExtensibilityGlobals) = postSolution
		SolutionGuid = {AC5E62BC-A537-4A24-8841-D05637A1F3B5}
	EndGlobalSection
EndGlobal
